
Microsoft Visual Studio Solution File, Format Version 12.00
# Visual Studio Version 16
VisualStudioVersion = 16.0.30611.23
MinimumVisualStudioVersion = 10.0.40219.1
Project("{8BC9CEB8-8B4A-11D0-8D11-00A0C91BC942}") = "//:workspace", "workspace.vcxproj", "{53AE56A2-0000-3000-A000-0000049170C8}"
EndProject
Global
	GlobalSection(SolutionConfigurationPlatforms) = preSolution
		Debug|x64 = Debug|x64
		Fastbuild|x64 = Fastbuild|x64
		Release|x64 = Release|x64
	EndGlobalSection
	GlobalSection(ProjectConfigurationPlatforms) = postSolution
		{53AE56A2-0000-3000-A000-0000049170C8}.Debug|x64.ActiveCfg = Debug|x64
		{53AE56A2-0000-3000-A000-0000049170C8}.Debug|x64.Build.0 = Debug|x64
		{53AE56A2-0000-3000-A000-0000049170C8}.Fastbuild|x64.ActiveCfg = Fastbuild|x64
		{53AE56A2-0000-3000-A000-0000049170C8}.Fastbuild|x64.Build.0 = Fastbuild|x64
		{53AE56A2-0000-3000-A000-0000049170C8}.Release|x64.ActiveCfg = Release|x64
		{53AE56A2-0000-3000-A000-0000049170C8}.Release|x64.Build.0 = Release|x64
	EndGlobalSection
	GlobalSection(SolutionProperties) = preSolution
		HideSolutionNode = FALSE
	EndGlobalSection
	GlobalSection(ExtensibilityGlobals) = postSolution
		SolutionGuid = {3D8B13FD-800D-4309-B5E6-0079EFEDC64F}
	EndGlobalSection
EndGlobal
